// !$*UTF8*$!
{
	archiveVersion = 1;
	classes = {
	};
	objectVersion = 46;
	objects = {

/* Begin PBXBuildFile section */
		4FF3B1471D7E157B006FE8EF /* main.m in Sources */ = {isa = PBXBuildFile; fileRef = 4FF3B1461D7E157B006FE8EF /* main.m */; };
		4FF3B14A1D7E157B006FE8EF /* AppDelegate.m in Sources */ = {isa = PBXBuildFile; fileRef = 4FF3B1491D7E157B006FE8EF /* AppDelegate.m */; };
		4FF3B14D1D7E157B006FE8EF /* ViewController.m in Sources */ = {isa = PBXBuildFile; fileRef = 4FF3B14C1D7E157B006FE8EF /* ViewController.m */; };
		4FF3B1501D7E157B006FE8EF /* Main.storyboard in Resources */ = {isa = PBXBuildFile; fileRef = 4FF3B14E1D7E157B006FE8EF /* Main.storyboard */; };
		4FF3B1531D7E157B006FE8EF /* whelp.xcdatamodeld in Sources */ = {isa = PBXBuildFile; fileRef = 4FF3B1511D7E157B006FE8EF /* whelp.xcdatamodeld */; };
		4FF3B1551D7E157B006FE8EF /* Assets.xcassets in Resources */ = {isa = PBXBuildFile; fileRef = 4FF3B1541D7E157B006FE8EF /* Assets.xcassets */; };
		4FF3B1581D7E157B006FE8EF /* LaunchScreen.storyboard in Resources */ = {isa = PBXBuildFile; fileRef = 4FF3B1561D7E157B006FE8EF /* LaunchScreen.storyboard */; };
		4FF3B1611D7E15CC006FE8EF /* DataStore.m in Sources */ = {isa = PBXBuildFile; fileRef = 4FF3B1601D7E15CC006FE8EF /* DataStore.m */; };
		4FF3B1641D7E19E8006FE8EF /* QuotesAPI.m in Sources */ = {isa = PBXBuildFile; fileRef = 4FF3B1631D7E19E8006FE8EF /* QuotesAPI.m */; };
		F7DEBFE2CC601E339F4DE99C /* libPods-whelp.a in Frameworks */ = {isa = PBXBuildFile; fileRef = FE5F4E119DA0EF8B74B6D528 /* libPods-whelp.a */; };
/* End PBXBuildFile section */

/* Begin PBXFileReference section */
		4FF3B1421D7E157B006FE8EF /* whelp.app */ = {isa = PBXFileReference; explicitFileType = wrapper.application; includeInIndex = 0; path = whelp.app; sourceTree = BUILT_PRODUCTS_DIR; };
		4FF3B1461D7E157B006FE8EF /* main.m */ = {isa = PBXFileReference; lastKnownFileType = sourcecode.c.objc; path = main.m; sourceTree = "<group>"; };
		4FF3B1481D7E157B006FE8EF /* AppDelegate.h */ = {isa = PBXFileReference; lastKnownFileType = sourcecode.c.h; path = AppDelegate.h; sourceTree = "<group>"; };
		4FF3B1491D7E157B006FE8EF /* AppDelegate.m */ = {isa = PBXFileReference; lastKnownFileType = sourcecode.c.objc; path = AppDelegate.m; sourceTree = "<group>"; };
		4FF3B14B1D7E157B006FE8EF /* ViewController.h */ = {isa = PBXFileReference; lastKnownFileType = sourcecode.c.h; path = ViewController.h; sourceTree = "<group>"; };
		4FF3B14C1D7E157B006FE8EF /* ViewController.m */ = {isa = PBXFileReference; lastKnownFileType = sourcecode.c.objc; path = ViewController.m; sourceTree = "<group>"; };
		4FF3B14F1D7E157B006FE8EF /* Base */ = {isa = PBXFileReference; lastKnownFileType = file.storyboard; name = Base; path = Base.lproj/Main.storyboard; sourceTree = "<group>"; };
		4FF3B1521D7E157B006FE8EF /* whelp.xcdatamodel */ = {isa = PBXFileReference; lastKnownFileType = wrapper.xcdatamodel; path = whelp.xcdatamodel; sourceTree = "<group>"; };
		4FF3B1541D7E157B006FE8EF /* Assets.xcassets */ = {isa = PBXFileReference; lastKnownFileType = folder.assetcatalog; path = Assets.xcassets; sourceTree = "<group>"; };
		4FF3B1571D7E157B006FE8EF /* Base */ = {isa = PBXFileReference; lastKnownFileType = file.storyboard; name = Base; path = Base.lproj/LaunchScreen.storyboard; sourceTree = "<group>"; };
		4FF3B1591D7E157B006FE8EF /* Info.plist */ = {isa = PBXFileReference; lastKnownFileType = text.plist.xml; path = Info.plist; sourceTree = "<group>"; };
		4FF3B15F1D7E15CC006FE8EF /* DataStore.h */ = {isa = PBXFileReference; fileEncoding = 4; lastKnownFileType = sourcecode.c.h; path = DataStore.h; sourceTree = "<group>"; };
		4FF3B1601D7E15CC006FE8EF /* DataStore.m */ = {isa = PBXFileReference; fileEncoding = 4; lastKnownFileType = sourcecode.c.objc; path = DataStore.m; sourceTree = "<group>"; };
		4FF3B1621D7E19E8006FE8EF /* QuotesAPI.h */ = {isa = PBXFileReference; fileEncoding = 4; lastKnownFileType = sourcecode.c.h; path = QuotesAPI.h; sourceTree = "<group>"; };
		4FF3B1631D7E19E8006FE8EF /* QuotesAPI.m */ = {isa = PBXFileReference; fileEncoding = 4; lastKnownFileType = sourcecode.c.objc; path = QuotesAPI.m; sourceTree = "<group>"; };
		CC02229E39CFDA00BB0EDFA3 /* Pods-whelp.release.xcconfig */ = {isa = PBXFileReference; includeInIndex = 1; lastKnownFileType = text.xcconfig; name = "Pods-whelp.release.xcconfig"; path = "Pods/Target Support Files/Pods-whelp/Pods-whelp.release.xcconfig"; sourceTree = "<group>"; };
		F9A5A1FFF39EF67DB8739C5C /* Pods-whelp.debug.xcconfig */ = {isa = PBXFileReference; includeInIndex = 1; lastKnownFileType = text.xcconfig; name = "Pods-whelp.debug.xcconfig"; path = "Pods/Target Support Files/Pods-whelp/Pods-whelp.debug.xcconfig"; sourceTree = "<group>"; };
		FE5F4E119DA0EF8B74B6D528 /* libPods-whelp.a */ = {isa = PBXFileReference; explicitFileType = archive.ar; includeInIndex = 0; path = "libPods-whelp.a"; sourceTree = BUILT_PRODUCTS_DIR; };
/* End PBXFileReference section */

/* Begin PBXFrameworksBuildPhase section */
		4FF3B13F1D7E157A006FE8EF /* Frameworks */ = {
			isa = PBXFrameworksBuildPhase;
			buildActionMask = 2147483647;
			files = (
				F7DEBFE2CC601E339F4DE99C /* libPods-whelp.a in Frameworks */,
			);
			runOnlyForDeploymentPostprocessing = 0;
		};
/* End PBXFrameworksBuildPhase section */

/* Begin PBXGroup section */
		132BDD5BD213E453FEB7996E /* Pods */ = {
			isa = PBXGroup;
			children = (
				F9A5A1FFF39EF67DB8739C5C /* Pods-whelp.debug.xcconfig */,
				CC02229E39CFDA00BB0EDFA3 /* Pods-whelp.release.xcconfig */,
			);
			name = Pods;
			sourceTree = "<group>";
		};
		4FF3B1391D7E157A006FE8EF = {
			isa = PBXGroup;
			children = (
				4FF3B1441D7E157B006FE8EF /* whelp */,
				4FF3B1431D7E157B006FE8EF /* Products */,
				132BDD5BD213E453FEB7996E /* Pods */,
				59F8FF302540762F49662D43 /* Frameworks */,
			);
			sourceTree = "<group>";
		};
		4FF3B1431D7E157B006FE8EF /* Products */ = {
			isa = PBXGroup;
			children = (
				4FF3B1421D7E157B006FE8EF /* whelp.app */,
			);
			name = Products;
			sourceTree = "<group>";
		};
		4FF3B1441D7E157B006FE8EF /* whelp */ = {
			isa = PBXGroup;
			children = (
				4FF3B1481D7E157B006FE8EF /* AppDelegate.h */,
				4FF3B1491D7E157B006FE8EF /* AppDelegate.m */,
				4FF3B14B1D7E157B006FE8EF /* ViewController.h */,
				4FF3B14C1D7E157B006FE8EF /* ViewController.m */,
				4FF3B15F1D7E15CC006FE8EF /* DataStore.h */,
				4FF3B1601D7E15CC006FE8EF /* DataStore.m */,
				4FF3B1621D7E19E8006FE8EF /* QuotesAPI.h */,
				4FF3B1631D7E19E8006FE8EF /* QuotesAPI.m */,
				4FF3B14E1D7E157B006FE8EF /* Main.storyboard */,
				4FF3B1541D7E157B006FE8EF /* Assets.xcassets */,
				4FF3B1561D7E157B006FE8EF /* LaunchScreen.storyboard */,
				4FF3B1591D7E157B006FE8EF /* Info.plist */,
				4FF3B1511D7E157B006FE8EF /* whelp.xcdatamodeld */,
				4FF3B1451D7E157B006FE8EF /* Supporting Files */,
			);
			path = whelp;
			sourceTree = "<group>";
		};
		4FF3B1451D7E157B006FE8EF /* Supporting Files */ = {
			isa = PBXGroup;
			children = (
				4FF3B1461D7E157B006FE8EF /* main.m */,
			);
			name = "Supporting Files";
			sourceTree = "<group>";
		};
		59F8FF302540762F49662D43 /* Frameworks */ = {
			isa = PBXGroup;
			children = (
				FE5F4E119DA0EF8B74B6D528 /* libPods-whelp.a */,
			);
			name = Frameworks;
			sourceTree = "<group>";
		};
/* End PBXGroup section */

/* Begin PBXNativeTarget section */
		4FF3B1411D7E157A006FE8EF /* whelp */ = {
			isa = PBXNativeTarget;
			buildConfigurationList = 4FF3B15C1D7E157B006FE8EF /* Build configuration list for PBXNativeTarget "whelp" */;
			buildPhases = (
				F02ADD350E220637780AD6BD /* [CP] Check Pods Manifest.lock */,
				4FF3B13E1D7E157A006FE8EF /* Sources */,
				4FF3B13F1D7E157A006FE8EF /* Frameworks */,
				4FF3B1401D7E157A006FE8EF /* Resources */,
				F562F6CFD62488DDC224B888 /* [CP] Embed Pods Frameworks */,
				FE02D50120AE06843E6F23F6 /* [CP] Copy Pods Resources */,
			);
			buildRules = (
			);
			dependencies = (
			);
			name = whelp;
			productName = whelp;
			productReference = 4FF3B1421D7E157B006FE8EF /* whelp.app */;
			productType = "com.apple.product-type.application";
		};
/* End PBXNativeTarget section */

/* Begin PBXProject section */
		4FF3B13A1D7E157A006FE8EF /* Project object */ = {
			isa = PBXProject;
			attributes = {
				LastUpgradeCheck = 0730;
				ORGANIZATIONNAME = kencooke;
				TargetAttributes = {
					4FF3B1411D7E157A006FE8EF = {
						CreatedOnToolsVersion = 7.3.1;
						DevelopmentTeam = SBQJQSJKE9;
					};
				};
			};
			buildConfigurationList = 4FF3B13D1D7E157A006FE8EF /* Build configuration list for PBXProject "whelp" */;
			compatibilityVersion = "Xcode 3.2";
			developmentRegion = English;
			hasScannedForEncodings = 0;
			knownRegions = (
				en,
				Base,
			);
			mainGroup = 4FF3B1391D7E157A006FE8EF;
			productRefGroup = 4FF3B1431D7E157B006FE8EF /* Products */;
			projectDirPath = "";
			projectRoot = "";
			targets = (
				4FF3B1411D7E157A006FE8EF /* whelp */,
			);
		};
/* End PBXProject section */

/* Begin PBXResourcesBuildPhase section */
		4FF3B1401D7E157A006FE8EF /* Resources */ = {
			isa = PBXResourcesBuildPhase;
			buildActionMask = 2147483647;
			files = (
				4FF3B1581D7E157B006FE8EF /* LaunchScreen.storyboard in Resources */,
				4FF3B1551D7E157B006FE8EF /* Assets.xcassets in Resources */,
				4FF3B1501D7E157B006FE8EF /* Main.storyboard in Resources */,
			);
			runOnlyForDeploymentPostprocessing = 0;
		};
/* End PBXResourcesBuildPhase section */

/* Begin PBXShellScriptBuildPhase section */
		F02ADD350E220637780AD6BD /* [CP] Check Pods Manifest.lock */ = {
			isa = PBXShellScriptBuildPhase;
			buildActionMask = 2147483647;
			files = (
			);
			inputPaths = (
			);
			name = "[CP] Check Pods Manifest.lock";
			outputPaths = (
			);
			runOnlyForDeploymentPostprocessing = 0;
			shellPath = /bin/sh;
			shellScript = "diff \"${PODS_ROOT}/../Podfile.lock\" \"${PODS_ROOT}/Manifest.lock\" > /dev/null\nif [[ $? != 0 ]] ; then\n    cat << EOM\nerror: The sandbox is not in sync with the Podfile.lock. Run 'pod install' or update your CocoaPods installation.\nEOM\n    exit 1\nfi\n";
			showEnvVarsInLog = 0;
		};
		F562F6CFD62488DDC224B888 /* [CP] Embed Pods Frameworks */ = {
			isa = PBXShellScriptBuildPhase;
			buildActionMask = 2147483647;
			files = (
			);
			inputPaths = (
			);
			name = "[CP] Embed Pods Frameworks";
			outputPaths = (
			);
			runOnlyForDeploymentPostprocessing = 0;
			shellPath = /bin/sh;
			shellScript = "\"${SRCROOT}/Pods/Target Support Files/Pods-whelp/Pods-whelp-frameworks.sh\"\n";
			showEnvVarsInLog = 0;
		};
		FE02D50120AE06843E6F23F6 /* [CP] Copy Pods Resources */ = {
			isa = PBXShellScriptBuildPhase;
			buildActionMask = 2147483647;
			files = (
			);
			inputPaths = (
			);
			name = "[CP] Copy Pods Resources";
			outputPaths = (
			);
			runOnlyForDeploymentPostprocessing = 0;
			shellPath = /bin/sh;
			shellScript = "\"${SRCROOT}/Pods/Target Support Files/Pods-whelp/Pods-whelp-resources.sh\"\n";
			showEnvVarsInLog = 0;
		};
/* End PBXShellScriptBuildPhase section */

/* Begin PBXSourcesBuildPhase section */
		4FF3B13E1D7E157A006FE8EF /* Sources */ = {
			isa = PBXSourcesBuildPhase;
			buildActionMask = 2147483647;
			files = (
				4FF3B1611D7E15CC006FE8EF /* DataStore.m in Sources */,
				4FF3B1641D7E19E8006FE8EF /* QuotesAPI.m in Sources */,
				4FF3B14D1D7E157B006FE8EF /* ViewController.m in Sources */,
				4FF3B14A1D7E157B006FE8EF /* AppDelegate.m in Sources */,
				4FF3B1531D7E157B006FE8EF /* whelp.xcdatamodeld in Sources */,
				4FF3B1471D7E157B006FE8EF /* main.m in Sources */,
			);
			runOnlyForDeploymentPostprocessing = 0;
		};
/* End PBXSourcesBuildPhase section */

/* Begin PBXVariantGroup section */
		4FF3B14E1D7E157B006FE8EF /* Main.storyboard */ = {
			isa = PBXVariantGroup;
			children = (
				4FF3B14F1D7E157B006FE8EF /* Base */,
			);
			name = Main.storyboard;
			sourceTree = "<group>";
		};
		4FF3B1561D7E157B006FE8EF /* LaunchScreen.storyboard */ = {
			isa = PBXVariantGroup;
			children = (
				4FF3B1571D7E157B006FE8EF /* Base */,
			);
			name = LaunchScreen.storyboard;
			sourceTree = "<group>";
		};
/* End PBXVariantGroup section */

/* Begin XCBuildConfiguration section */
		4FF3B15A1D7E157B006FE8EF /* Debug */ = {
			isa = XCBuildConfiguration;
			buildSettings = {
				ALWAYS_SEARCH_USER_PATHS = NO;
				CLANG_ANALYZER_NONNULL = YES;
				CLANG_CXX_LANGUAGE_STANDARD = "gnu++0x";
				CLANG_CXX_LIBRARY = "libc++";
				CLANG_ENABLE_MODULES = YES;
				CLANG_ENABLE_OBJC_ARC = YES;
				CLANG_WARN_BOOL_CONVERSION = YES;
				CLANG_WARN_CONSTANT_CONVERSION = YES;
				CLANG_WARN_DIRECT_OBJC_ISA_USAGE = YES_ERROR;
				CLANG_WARN_EMPTY_BODY = YES;
				CLANG_WARN_ENUM_CONVERSION = YES;
				CLANG_WARN_INT_CONVERSION = YES;
				CLANG_WARN_OBJC_ROOT_CLASS = YES_ERROR;
				CLANG_WARN_UNREACHABLE_CODE = YES;
				CLANG_WARN__DUPLICATE_METHOD_MATCH = YES;
				"CODE_SIGN_IDENTITY[sdk=iphoneos*]" = "iPhone Developer";
				COPY_PHASE_STRIP = NO;
				DEBUG_INFORMATION_FORMAT = dwarf;
				ENABLE_STRICT_OBJC_MSGSEND = YES;
				ENABLE_TESTABILITY = YES;
				GCC_C_LANGUAGE_STANDARD = gnu99;
				GCC_DYNAMIC_NO_PIC = NO;
				GCC_NO_COMMON_BLOCKS = YES;
				GCC_OPTIMIZATION_LEVEL = 0;
				GCC_PREPROCESSOR_DEFINITIONS = (
					"DEBUG=1",
					"$(inherited)",
				);
				GCC_WARN_64_TO_32_BIT_CONVERSION = YES;
				GCC_WARN_ABOUT_RETURN_TYPE = YES_ERROR;
				GCC_WARN_UNDECLARED_SELECTOR = YES;
				GCC_WARN_UNINITIALIZED_AUTOS = YES_AGGRESSIVE;
				GCC_WARN_UNUSED_FUNCTION = YES;
				GCC_WARN_UNUSED_VARIABLE = YES;
				IPHONEOS_DEPLOYMENT_TARGET = 9.3;
				MTL_ENABLE_DEBUG_INFO = YES;
				ONLY_ACTIVE_ARCH = YES;
				SDKROOT = iphoneos;
				TARGETED_DEVICE_FAMILY = "1,2";
			};
			name = Debug;
		};
		4FF3B15B1D7E157B006FE8EF /* Release */ = {
			isa = XCBuildConfiguration;
			buildSettings = {
				ALWAYS_SEARCH_USER_PATHS = NO;
				CLANG_ANALYZER_NONNULL = YES;
				CLANG_CXX_LANGUAGE_STANDARD = "gnu++0x";
				CLANG_CXX_LIBRARY = "libc++";
				CLANG_ENABLE_MODULES = YES;
				CLANG_ENABLE_OBJC_ARC = YES;
				CLANG_WARN_BOOL_CONVERSION = YES;
				CLANG_WARN_CONSTANT_CONVERSION = YES;
				CLANG_WARN_DIRECT_OBJC_ISA_USAGE = YES_ERROR;
				CLANG_WARN_EMPTY_BODY = YES;
				CLANG_WARN_ENUM_CONVERSION = YES;
				CLANG_WARN_INT_CONVERSION = YES;
				CLANG_WARN_OBJC_ROOT_CLASS = YES_ERROR;
				CLANG_WARN_UNREACHABLE_CODE = YES;
				CLANG_WARN__DUPLICATE_METHOD_MATCH = YES;
				"CODE_SIGN_IDENTITY[sdk=iphoneos*]" = "iPhone Developer";
				COPY_PHASE_STRIP = NO;
				DEBUG_INFORMATION_FORMAT = "dwarf-with-dsym";
				ENABLE_NS_ASSERTIONS = NO;
				ENABLE_STRICT_OBJC_MSGSEND = YES;
				GCC_C_LANGUAGE_STANDARD = gnu99;
				GCC_NO_COMMON_BLOCKS = YES;
				GCC_WARN_64_TO_32_BIT_CONVERSION = YES;
				GCC_WARN_ABOUT_RETURN_TYPE = YES_ERROR;
				GCC_WARN_UNDECLARED_SELECTOR = YES;
				GCC_WARN_UNINITIALIZED_AUTOS = YES_AGGRESSIVE;
				GCC_WARN_UNUSED_FUNCTION = YES;
				GCC_WARN_UNUSED_VARIABLE = YES;
				IPHONEOS_DEPLOYMENT_TARGET = 9.3;
				MTL_ENABLE_DEBUG_INFO = NO;
				SDKROOT = iphoneos;
				TARGETED_DEVICE_FAMILY = "1,2";
				VALIDATE_PRODUCT = YES;
			};
			name = Release;
		};
		4FF3B15D1D7E157B006FE8EF /* Debug */ = {
			isa = XCBuildConfiguration;
			baseConfigurationReference = F9A5A1FFF39EF67DB8739C5C /* Pods-whelp.debug.xcconfig */;
			buildSettings = {
				ASSETCATALOG_COMPILER_APPICON_NAME = AppIcon;
				INFOPLIST_FILE = whelp/Info.plist;
				LD_RUNPATH_SEARCH_PATHS = "$(inherited) @executable_path/Frameworks";
				PRODUCT_BUNDLE_IDENTIFIER = com.kencooke.whelp;
				PRODUCT_NAME = "$(TARGET_NAME)";
			};
			name = Debug;
		};
		4FF3B15E1D7E157B006FE8EF /* Release */ = {
			isa = XCBuildConfiguration;
			baseConfigurationReference = CC02229E39CFDA00BB0EDFA3 /* Pods-whelp.release.xcconfig */;
			buildSettings = {
				ASSETCATALOG_COMPILER_APPICON_NAME = AppIcon;
				INFOPLIST_FILE = whelp/Info.plist;
				LD_RUNPATH_SEARCH_PATHS = "$(inherited) @executable_path/Frameworks";
				PRODUCT_BUNDLE_IDENTIFIER = com.kencooke.whelp;
				PRODUCT_NAME = "$(TARGET_NAME)";
			};
			name = Release;
		};
/* End XCBuildConfiguration section */

/* Begin XCConfigurationList section */
		4FF3B13D1D7E157A006FE8EF /* Build configuration list for PBXProject "whelp" */ = {
			isa = XCConfigurationList;
			buildConfigurations = (
				4FF3B15A1D7E157B006FE8EF /* Debug */,
				4FF3B15B1D7E157B006FE8EF /* Release */,
			);
			defaultConfigurationIsVisible = 0;
			defaultConfigurationName = Release;
		};
		4FF3B15C1D7E157B006FE8EF /* Build configuration list for PBXNativeTarget "whelp" */ = {
			isa = XCConfigurationList;
			buildConfigurations = (
				4FF3B15D1D7E157B006FE8EF /* Debug */,
				4FF3B15E1D7E157B006FE8EF /* Release */,
			);
			defaultConfigurationIsVisible = 0;
			defaultConfigurationName = Release;
		};
/* End XCConfigurationList section */

/* Begin XCVersionGroup section */
		4FF3B1511D7E157B006FE8EF /* whelp.xcdatamodeld */ = {
			isa = XCVersionGroup;
			children = (
				4FF3B1521D7E157B006FE8EF /* whelp.xcdatamodel */,
			);
			currentVersion = 4FF3B1521D7E157B006FE8EF /* whelp.xcdatamodel */;
			path = whelp.xcdatamodeld;
			sourceTree = "<group>";
			versionGroupType = wrapper.xcdatamodel;
		};
/* End XCVersionGroup section */
	};
	rootObject = 4FF3B13A1D7E157A006FE8EF /* Project object */;
}
